
Microsoft Visual Studio Solution File, Format Version 12.00
# Visual Studio 15
VisualStudioVersion = 15.0.28307.271
MinimumVisualStudioVersion = 10.0.40219.1
Project("{8BC9CEB8-8B4A-11D0-8D11-00A0C91BC942}") = "samplePLugin", "samplePLugin\samplePLugin.vcxproj", "{1B7ECD1C-5F11-4D59-A646-EC7B002D199D}"
EndProject
Global
	GlobalSection(SolutionConfigurationPlatforms) = preSolution
		Debug|x64 = Debug|x64
		Release|x64 = Release|x64
	EndGlobalSection
	GlobalSection(ProjectConfigurationPlatforms) = postSolution
		{1B7ECD1C-5F11-4D59-A646-EC7B002D199D}.Debug|x64.ActiveCfg = Debug|x64
		{1B7ECD1C-5F11-4D59-A646-EC7B002D199D}.Debug|x64.Build.0 = Debug|x64
		{1B7ECD1C-5F11-4D59-A646-EC7B002D199D}.Release|x64.ActiveCfg = Release|x64
		{1B7ECD1C-5F11-4D59-A646-EC7B002D199D}.Release|x64.Build.0 = Release|x64
	EndGlobalSection
	GlobalSection(SolutionProperties) = preSolution
		HideSolutionNode = FALSE
	EndGlobalSection
	GlobalSection(ExtensibilityGlobals) = postSolution
		SolutionGuid = {5B7386B7-D847-4C29-B9ED-BD413CC432DE}
	EndGlobalSection
EndGlobal
